
Microsoft Visual Studio Solution File, Format Version 12.00
# Visual Studio Version 17
VisualStudioVersion = 17.0.31903.59
MinimumVisualStudioVersion = 10.0.40219.1
Project("{2150E333-8FDC-42A3-9474-1A3956D46DE8}") = "src", "src", "{827E0CD3-B72D-47B6-A68D-7590B98EB39B}"
EndProject
Project("{FAE04EC0-301F-11D3-BF4B-00C04F79EFBC}") = "AuthService.Api", "src\AuthService.Api\AuthService.Api.csproj", "{D2031349-2FF7-41DA-A139-D8C248CB6051}"
EndProject
Project("{FAE04EC0-301F-11D3-BF4B-00C04F79EFBC}") = "AuthService.Data", "src\AuthService.Data\AuthService.Data.csproj", "{CE655C80-25A9-4503-AFBC-E35389CD7229}"
EndProject
Project("{FAE04EC0-301F-11D3-BF4B-00C04F79EFBC}") = "AuthService.Repository", "src\AuthService.Repository\AuthService.Repository.csproj", "{2FBC067F-15D2-4050-B577-CBD91AE4BD9B}"
EndProject
Project("{FAE04EC0-301F-11D3-BF4B-00C04F79EFBC}") = "AuthService.InternalModels", "src\AuthService.InternalModels\AuthService.InternalModels.csproj", "{F110D0BE-D53A-41ED-926E-2227C24595D7}"
EndProject
Project("{FAE04EC0-301F-11D3-BF4B-00C04F79EFBC}") = "AuthService.Services", "src\AuthService.Services\AuthService.Services.csproj", "{4B087BD9-03E5-4E76-AEB9-EECBE053CB55}"
EndProject
Project("{FAE04EC0-301F-11D3-BF4B-00C04F79EFBC}") = "AuthService.Utils", "src\AuthService.Utils\AuthService.Utils.csproj", "{A0E6C280-767E-49C9-B46D-C42AEB56DDA9}"
EndProject
Global
	GlobalSection(SolutionConfigurationPlatforms) = preSolution
		Debug|Any CPU = Debug|Any CPU
		Debug|x64 = Debug|x64
		Debug|x86 = Debug|x86
		Release|Any CPU = Release|Any CPU
		Release|x64 = Release|x64
		Release|x86 = Release|x86
	EndGlobalSection
	GlobalSection(ProjectConfigurationPlatforms) = postSolution
		{D2031349-2FF7-41DA-A139-D8C248CB6051}.Debug|Any CPU.ActiveCfg = Debug|Any CPU
		{D2031349-2FF7-41DA-A139-D8C248CB6051}.Debug|Any CPU.Build.0 = Debug|Any CPU
		{D2031349-2FF7-41DA-A139-D8C248CB6051}.Debug|x64.ActiveCfg = Debug|Any CPU
		{D2031349-2FF7-41DA-A139-D8C248CB6051}.Debug|x64.Build.0 = Debug|Any CPU
		{D2031349-2FF7-41DA-A139-D8C248CB6051}.Debug|x86.ActiveCfg = Debug|Any CPU
		{D2031349-2FF7-41DA-A139-D8C248CB6051}.Debug|x86.Build.0 = Debug|Any CPU
		{D2031349-2FF7-41DA-A139-D8C248CB6051}.Release|Any CPU.ActiveCfg = Release|Any CPU
		{D2031349-2FF7-41DA-A139-D8C248CB6051}.Release|Any CPU.Build.0 = Release|Any CPU
		{D2031349-2FF7-41DA-A139-D8C248CB6051}.Release|x64.ActiveCfg = Release|Any CPU
		{D2031349-2FF7-41DA-A139-D8C248CB6051}.Release|x64.Build.0 = Release|Any CPU
		{D2031349-2FF7-41DA-A139-D8C248CB6051}.Release|x86.ActiveCfg = Release|Any CPU
		{D2031349-2FF7-41DA-A139-D8C248CB6051}.Release|x86.Build.0 = Release|Any CPU
		{CE655C80-25A9-4503-AFBC-E35389CD7229}.Debug|Any CPU.ActiveCfg = Debug|Any CPU
		{CE655C80-25A9-4503-AFBC-E35389CD7229}.Debug|Any CPU.Build.0 = Debug|Any CPU
		{CE655C80-25A9-4503-AFBC-E35389CD7229}.Debug|x64.ActiveCfg = Debug|Any CPU
		{CE655C80-25A9-4503-AFBC-E35389CD7229}.Debug|x64.Build.0 = Debug|Any CPU
		{CE655C80-25A9-4503-AFBC-E35389CD7229}.Debug|x86.ActiveCfg = Debug|Any CPU
		{CE655C80-25A9-4503-AFBC-E35389CD7229}.Debug|x86.Build.0 = Debug|Any CPU
		{CE655C80-25A9-4503-AFBC-E35389CD7229}.Release|Any CPU.ActiveCfg = Release|Any CPU
		{CE655C80-25A9-4503-AFBC-E35389CD7229}.Release|Any CPU.Build.0 = Release|Any CPU
		{CE655C80-25A9-4503-AFBC-E35389CD7229}.Release|x64.ActiveCfg = Release|Any CPU
		{CE655C80-25A9-4503-AFBC-E35389CD7229}.Release|x64.Build.0 = Release|Any CPU
		{CE655C80-25A9-4503-AFBC-E35389CD7229}.Release|x86.ActiveCfg = Release|Any CPU
		{CE655C80-25A9-4503-AFBC-E35389CD7229}.Release|x86.Build.0 = Release|Any CPU
		{2FBC067F-15D2-4050-B577-CBD91AE4BD9B}.Debug|Any CPU.ActiveCfg = Debug|Any CPU
		{2FBC067F-15D2-4050-B577-CBD91AE4BD9B}.Debug|Any CPU.Build.0 = Debug|Any CPU
		{2FBC067F-15D2-4050-B577-CBD91AE4BD9B}.Debug|x64.ActiveCfg = Debug|Any CPU
		{2FBC067F-15D2-4050-B577-CBD91AE4BD9B}.Debug|x64.Build.0 = Debug|Any CPU
		{2FBC067F-15D2-4050-B577-CBD91AE4BD9B}.Debug|x86.ActiveCfg = Debug|Any CPU
		{2FBC067F-15D2-4050-B577-CBD91AE4BD9B}.Debug|x86.Build.0 = Debug|Any CPU
		{2FBC067F-15D2-4050-B577-CBD91AE4BD9B}.Release|Any CPU.ActiveCfg = Release|Any CPU
		{2FBC067F-15D2-4050-B577-CBD91AE4BD9B}.Release|Any CPU.Build.0 = Release|Any CPU
		{2FBC067F-15D2-4050-B577-CBD91AE4BD9B}.Release|x64.ActiveCfg = Release|Any CPU
		{2FBC067F-15D2-4050-B577-CBD91AE4BD9B}.Release|x64.Build.0 = Release|Any CPU
		{2FBC067F-15D2-4050-B577-CBD91AE4BD9B}.Release|x86.ActiveCfg = Release|Any CPU
		{2FBC067F-15D2-4050-B577-CBD91AE4BD9B}.Release|x86.Build.0 = Release|Any CPU
		{F110D0BE-D53A-41ED-926E-2227C24595D7}.Debug|Any CPU.ActiveCfg = Debug|Any CPU
		{F110D0BE-D53A-41ED-926E-2227C24595D7}.Debug|Any CPU.Build.0 = Debug|Any CPU
		{F110D0BE-D53A-41ED-926E-2227C24595D7}.Debug|x64.ActiveCfg = Debug|Any CPU
		{F110D0BE-D53A-41ED-926E-2227C24595D7}.Debug|x64.Build.0 = Debug|Any CPU
		{F110D0BE-D53A-41ED-926E-2227C24595D7}.Debug|x86.ActiveCfg = Debug|Any CPU
		{F110D0BE-D53A-41ED-926E-2227C24595D7}.Debug|x86.Build.0 = Debug|Any CPU
		{F110D0BE-D53A-41ED-926E-2227C24595D7}.Release|Any CPU.ActiveCfg = Release|Any CPU
		{F110D0BE-D53A-41ED-926E-2227C24595D7}.Release|Any CPU.Build.0 = Release|Any CPU
		{F110D0BE-D53A-41ED-926E-2227C24595D7}.Release|x64.ActiveCfg = Release|Any CPU
		{F110D0BE-D53A-41ED-926E-2227C24595D7}.Release|x64.Build.0 = Release|Any CPU
		{F110D0BE-D53A-41ED-926E-2227C24595D7}.Release|x86.ActiveCfg = Release|Any CPU
		{F110D0BE-D53A-41ED-926E-2227C24595D7}.Release|x86.Build.0 = Release|Any CPU
		{4B087BD9-03E5-4E76-AEB9-EECBE053CB55}.Debug|Any CPU.ActiveCfg = Debug|Any CPU
		{4B087BD9-03E5-4E76-AEB9-EECBE053CB55}.Debug|Any CPU.Build.0 = Debug|Any CPU
		{4B087BD9-03E5-4E76-AEB9-EECBE053CB55}.Debug|x64.ActiveCfg = Debug|Any CPU
		{4B087BD9-03E5-4E76-AEB9-EECBE053CB55}.Debug|x64.Build.0 = Debug|Any CPU
		{4B087BD9-03E5-4E76-AEB9-EECBE053CB55}.Debug|x86.ActiveCfg = Debug|Any CPU
		{4B087BD9-03E5-4E76-AEB9-EECBE053CB55}.Debug|x86.Build.0 = Debug|Any CPU
		{4B087BD9-03E5-4E76-AEB9-EECBE053CB55}.Release|Any CPU.ActiveCfg = Release|Any CPU
		{4B087BD9-03E5-4E76-AEB9-EECBE053CB55}.Release|Any CPU.Build.0 = Release|Any CPU
		{4B087BD9-03E5-4E76-AEB9-EECBE053CB55}.Release|x64.ActiveCfg = Release|Any CPU
		{4B087BD9-03E5-4E76-AEB9-EECBE053CB55}.Release|x64.Build.0 = Release|Any CPU
		{4B087BD9-03E5-4E76-AEB9-EECBE053CB55}.Release|x86.ActiveCfg = Release|Any CPU
		{4B087BD9-03E5-4E76-AEB9-EECBE053CB55}.Release|x86.Build.0 = Release|Any CPU
		{A0E6C280-767E-49C9-B46D-C42AEB56DDA9}.Debug|Any CPU.ActiveCfg = Debug|Any CPU
		{A0E6C280-767E-49C9-B46D-C42AEB56DDA9}.Debug|Any CPU.Build.0 = Debug|Any CPU
		{A0E6C280-767E-49C9-B46D-C42AEB56DDA9}.Debug|x64.ActiveCfg = Debug|Any CPU
		{A0E6C280-767E-49C9-B46D-C42AEB56DDA9}.Debug|x64.Build.0 = Debug|Any CPU
		{A0E6C280-767E-49C9-B46D-C42AEB56DDA9}.Debug|x86.ActiveCfg = Debug|Any CPU
		{A0E6C280-767E-49C9-B46D-C42AEB56DDA9}.Debug|x86.Build.0 = Debug|Any CPU
		{A0E6C280-767E-49C9-B46D-C42AEB56DDA9}.Release|Any CPU.ActiveCfg = Release|Any CPU
		{A0E6C280-767E-49C9-B46D-C42AEB56DDA9}.Release|Any CPU.Build.0 = Release|Any CPU
		{A0E6C280-767E-49C9-B46D-C42AEB56DDA9}.Release|x64.ActiveCfg = Release|Any CPU
		{A0E6C280-767E-49C9-B46D-C42AEB56DDA9}.Release|x64.Build.0 = Release|Any CPU
		{A0E6C280-767E-49C9-B46D-C42AEB56DDA9}.Release|x86.ActiveCfg = Release|Any CPU
		{A0E6C280-767E-49C9-B46D-C42AEB56DDA9}.Release|x86.Build.0 = Release|Any CPU
	EndGlobalSection
	GlobalSection(SolutionProperties) = preSolution
		HideSolutionNode = FALSE
	EndGlobalSection
	GlobalSection(NestedProjects) = preSolution
		{D2031349-2FF7-41DA-A139-D8C248CB6051} = {827E0CD3-B72D-47B6-A68D-7590B98EB39B}
		{CE655C80-25A9-4503-AFBC-E35389CD7229} = {827E0CD3-B72D-47B6-A68D-7590B98EB39B}
		{2FBC067F-15D2-4050-B577-CBD91AE4BD9B} = {827E0CD3-B72D-47B6-A68D-7590B98EB39B}
		{F110D0BE-D53A-41ED-926E-2227C24595D7} = {827E0CD3-B72D-47B6-A68D-7590B98EB39B}
		{4B087BD9-03E5-4E76-AEB9-EECBE053CB55} = {827E0CD3-B72D-47B6-A68D-7590B98EB39B}
		{A0E6C280-767E-49C9-B46D-C42AEB56DDA9} = {827E0CD3-B72D-47B6-A68D-7590B98EB39B}
	EndGlobalSection
EndGlobal
